version = 1
revision = 3
requires-python = "==3.10.*"

[options]
exclude-newer = "2023-08-29T00:00:00Z"

[[package]]
name = "catboost"
version = "1.2.1"
source = { registry = "https://pypi.org/simple" }
dependencies = [
    { name = "graphviz" },
    { name = "matplotlib" },
    { name = "numpy" },
    { name = "pandas" },
    { name = "plotly" },
    { name = "scipy" },
    { name = "six" },
]
sdist = { url = "https://files.pythonhosted.org/packages/f0/9d/7cf091433d39e11d93e7b0bd33b4e6d0aed4b489ea843ae33df8373eee09/catboost-1.2.1.tar.gz", hash = "sha256:01e67ee02b8f958b2b74e98470a08350c08856a052c6e4474f7604ef7d4cf44b", size = 95336784, upload-time = "2023-08-28T11:43:03.883Z" }
wheels = [
    { url = "https://files.pythonhosted.org/packages/b7/d4/e5cce1a8d8ca9672101b3d3dca53d92051d6ef989581b27984e072dc6342/catboost-1.2.1-cp310-cp310-macosx_11_0_universal2.whl", hash = "sha256:e0d65dd4be8d6053eea2e279191795e495d6c9355a500c28567bf8e95ef67129", size = 25682089, upload-time = "2023-08-28T11:40:28.783Z" },
    { url = "https://files.pythonhosted.org/packages/f6/4a/7433904845676cefce21d0156fdf4437a3abb5c40b3861ade5c202a622d8/catboost-1.2.1-cp310-cp310-manylinux2014_aarch64.whl", hash = "sha256:5537119a4be46b7d4f874cdd6c85e6c45bf5779fbcb8baab5f863c67b4d15185", size = 97364972, upload-time = "2023-08-28T11:40:36.832Z" },
    { url = "https://files.pythonhosted.org/packages/e9/9a/54da5a5c2a350298bda3e23013c5e2e2e837290210d54d63ef6cdaa06d1b/catboost-1.2.1-cp310-cp310-manylinux2014_x86_64.whl", hash = "sha256:a7dbc9593a37b74c2573112beb26568e840f2aee6cf74926d98ca6560f509e2f", size = 98689560, upload-time = "2023-08-28T11:40:45.285Z" },
    { url = "https://files.pythonhosted.org/packages/dc/35/1bb0d765792c48721488a95d8a2c8ca91d2859df0312d09eee184a77f478/catboost-1.2.1-cp310-cp310-win_amd64.whl", hash = "sha256:3fb92a109c55fb9dc71e161d0f142de993b77eeffcd21465648e3d8e9026692d", size = 101021800, upload-time = "2023-08-28T11:40:53.996Z" },
]

[[package]]
name = "contourpy"
version = "1.1.0"
source = { registry = "https://pypi.org/simple" }
dependencies = [
    { name = "numpy" },
]
sdist = { url = "https://files.pythonhosted.org/packages/a7/3b/632c003e1dfbc82d32c0466762f2d2cf139d26032626dc65944e38d0e5b9/contourpy-1.1.0.tar.gz", hash = "sha256:e53046c3863828d21d531cc3b53786e6580eb1ba02477e8681009b6aa0870b21", size = 13418968, upload-time = "2023-06-13T19:09:07.332Z" }
wheels = [
    { url = "https://files.pythonhosted.org/packages/f4/41/674384fc46e8a45f4e170cadd1796cf9b7266a45c57df80db4a2dda12301/contourpy-1.1.0-cp310-cp310-macosx_10_9_x86_64.whl", hash = "sha256:89f06eff3ce2f4b3eb24c1055a26981bffe4e7264acd86f15b97e40530b794bc", size = 243586, upload-time = "2023-06-13T19:04:47.733Z" },
    { url = "https://files.pythonhosted.org/packages/15/c4/aae3954fce0e22362cc55430d1a395bf0be5a22b40fce63edda9eb6ea339/contourpy-1.1.0-cp310-cp310-macosx_11_0_arm64.whl", hash = "sha256:dffcc2ddec1782dd2f2ce1ef16f070861af4fb78c69862ce0aab801495dda6a3", size = 229374, upload-time = "2023-06-13T19:04:51.732Z" },
    { url = "https://files.pythonhosted.org/packages/dd/1f/b0942d6f124da8c3e944f755b1ba536621eb38d858d1a164c3192ee2c208/contourpy-1.1.0-cp310-cp310-manylinux_2_17_aarch64.manylinux2014_aarch64.whl", hash = "sha256:25ae46595e22f93592d39a7eac3d638cda552c3e1160255258b695f7b58e5655", size = 283881, upload-time = "2023-06-13T19:04:55.411Z" },
    { url = "https://files.pythonhosted.org/packages/24/4a/28c39911ae83f3fce3aab4134d29e5460209b36f36aaac9753dd994f468f/contourpy-1.1.0-cp310-cp310-manylinux_2_17_ppc64le.manylinux2014_ppc64le.whl", hash = "sha256:17cfaf5ec9862bc93af1ec1f302457371c34e688fbd381f4035a06cd47324f48", size = 319643, upload-time = "2023-06-13T19:05:00.447Z" },
    { url = "https://files.pythonhosted.org/packages/b4/d8/c88ede6ab07b5d4a3f40a2ba663fcf619d19da7d1c5ce188f37bd4e592b6/contourpy-1.1.0-cp310-cp310-manylinux_2_17_s390x.manylinux2014_s390x.whl", hash = "sha256:18a64814ae7bce73925131381603fff0116e2df25230dfc80d6d690aa6e20b37", size = 294001, upload-time = "2023-06-13T19:05:04.177Z" },
    { url = "https://files.pythonhosted.org/packages/aa/55/02c6d24804592b862b38a85c9b3283edc245081390a520ccd11697b6b24f/contourpy-1.1.0-cp310-cp310-manylinux_2_17_x86_64.manylinux2014_x86_64.whl", hash = "sha256:90c81f22b4f572f8a2110b0b741bb64e5a6427e0a198b2cdc1fbaf85f352a3aa", size = 300711, upload-time = "2023-06-13T19:05:07.599Z" },
    { url = "https://files.pythonhosted.org/packages/42/99/144a55b0de26710116438716e908e553eb932f927743927181d8d03441f6/contourpy-1.1.0-cp310-cp310-musllinux_1_1_x86_64.whl", hash = "sha256:53cc3a40635abedbec7f1bde60f8c189c49e84ac180c665f2cd7c162cc454baa", size = 817512, upload-time = "2023-06-13T19:05:14.974Z" },
    { url = "https://files.pythonhosted.org/packages/94/0a/5eb57dd395fade977786b2d2c98c2bee8234358794be44422fe58a719d42/contourpy-1.1.0-cp310-cp310-win_amd64.whl", hash = "sha256:1f795597073b09d631782e7245016a4323cf1cf0b4e06eef7ea6627e06a37ff2", size = 470386, upload-time = "2023-06-13T19:05:20.248Z" },
]

[[package]]
name = "cycler"
version = "0.11.0"
source = { registry = "https://pypi.org/simple" }
sdist = { url = "https://files.pythonhosted.org/packages/34/45/a7caaacbfc2fa60bee42effc4bcc7d7c6dbe9c349500e04f65a861c15eb9/cycler-0.11.0.tar.gz", hash = "sha256:9c87405839a19696e837b3b818fed3f5f69f16f1eec1a1ad77e043dcea9c772f", size = 18784, upload-time = "2021-10-29T03:40:40.6Z" }
wheels = [
    { url = "https://files.pythonhosted.org/packages/5c/f9/695d6bedebd747e5eb0fe8fad57b72fdf25411273a39791cde838d5a8f51/cycler-0.11.0-py3-none-any.whl", hash = "sha256:3a27e95f763a428a739d2add979fa7494c912a32c17c4c38c4d5f082cad165a3", size = 6389, upload-time = "2021-10-29T03:40:55.14Z" },
]

[[package]]
name = "cypshift-maplight-fixed-reproduction"
version = "0.0.0"
source = { virtual = "." }
dependencies = [
    { name = "catboost" },
    { name = "numpy" },
    { name = "pandas" },
    { name = "rdkit" },
    { name = "scikit-learn" },
    { name = "scipy" },
]

[package.metadata]
requires-dist = [
    { name = "catboost", specifier = "==1.2.1" },
    { name = "numpy", specifier = "==1.25.2" },
    { name = "pandas", specifier = "==2.0.3" },
    { name = "rdkit", specifier = "==2023.3.3" },
    { name = "scikit-learn", specifier = "==1.3.0" },
    { name = "scipy", specifier = "==1.11.2" },
]

[[package]]
name = "fonttools"
version = "4.42.1"
source = { registry = "https://pypi.org/simple" }
sdist = { url = "https://files.pythonhosted.org/packages/45/40/94a4c9b4248dd3d1aa7c17a46e4cfbe493350d0d09548141223fbed6c0fa/fonttools-4.42.1.tar.gz", hash = "sha256:c391cd5af88aacaf41dd7cfb96eeedfad297b5899a39e12f4c2c3706d0a3329d", size = 3370356, upload-time = "2023-08-20T13:56:59.697Z" }
wheels = [
    { url = "https://files.pythonhosted.org/packages/21/66/bddd878452ae1e2d5f5891daa6bcce594d6b19396d33b8798e722837b222/fonttools-4.42.1-cp310-cp310-macosx_10_9_universal2.whl", hash = "sha256:ed1a13a27f59d1fc1920394a7f596792e9d546c9ca5a044419dca70c37815d7c", size = 2706225, upload-time = "2023-08-20T13:55:29.443Z" },
    { url = "https://files.pythonhosted.org/packages/ad/33/b159873016ac8998d10212ef3ad9a28456452dcb9f963a21007403a0f81d/fonttools-4.42.1-cp310-cp310-macosx_10_9_x86_64.whl", hash = "sha256:c9b1ce7a45978b821a06d375b83763b27a3a5e8a2e4570b3065abad240a18760", size = 2212695, upload-time = "2023-08-20T13:55:32.702Z" },
    { url = "https://files.pythonhosted.org/packages/4b/eb/aa9d6b7d90260f517c3d65f0fe3908357147bbe8074ffa44c70847b30c45/fonttools-4.42.1-cp310-cp310-manylinux_2_17_aarch64.manylinux2014_aarch64.whl", hash = "sha256:f720fa82a11c0f9042376fd509b5ed88dab7e3cd602eee63a1af08883b37342b", size = 4447440, upload-time = "2023-08-20T13:55:35.472Z" },
    { url = "https://files.pythonhosted.org/packages/2b/e8/61b8525acf26ec222518bdff127ae502bfa3408981fb5e5493f2b037d7fb/fonttools-4.42.1-cp310-cp310-manylinux_2_17_x86_64.manylinux2014_x86_64.whl", hash = "sha256:db55cbaea02a20b49fefbd8e9d62bd481aaabe1f2301dabc575acc6b358874fa", size = 4498414, upload-time = "2023-08-20T13:55:38.375Z" },
    { url = "https://files.pythonhosted.org/packages/be/36/41039cada2773dfd2f8bb5f47dc72b67d0df5b053495aad20e3db6bde02f/fonttools-4.42.1-cp310-cp310-musllinux_1_1_aarch64.whl", hash = "sha256:3a35981d90feebeaef05e46e33e6b9e5b5e618504672ca9cd0ff96b171e4bfff", size = 4424525, upload-time = "2023-08-20T13:55:40.895Z" },
    { url = "https://files.pythonhosted.org/packages/f8/6d/c08a4782647ef61f7e5928d282dfb0e3849fc7ff0d1d7c4bbb9714aa5d27/fonttools-4.42.1-cp310-cp310-musllinux_1_1_x86_64.whl", hash = "sha256:68a02bbe020dc22ee0540e040117535f06df9358106d3775e8817d826047f3fd", size = 4480925, upload-time = "2023-08-20T13:55:44.099Z" },
    { url = "https://files.pythonhosted.org/packages/bc/e0/73267fa71d4fe452821dc12fc2e34ca95b3842391d4ca1b8f5f245531388/fonttools-4.42.1-cp310-cp310-win32.whl", hash = "sha256:12a7c247d1b946829bfa2f331107a629ea77dc5391dfd34fdcd78efa61f354ca", size = 2065224, upload-time = "2023-08-20T13:55:47.148Z" },
    { url = "https://files.pythonhosted.org/packages/1c/c6/408ee90eae2fd7ef85c5baaedfc8d533805f4c54fc6670dbde9539f1277b/fonttools-4.42.1-cp310-cp310-win_amd64.whl", hash = "sha256:a398bdadb055f8de69f62b0fc70625f7cbdab436bbb31eef5816e28cab083ee8", size = 2112016, upload-time = "2023-08-20T13:55:51.447Z" },
    { url = "https://files.pythonhosted.org/packages/b9/97/8fb94ba61f1a098671639f60cda3d7e3e2bf3a5ccc4fca00fcb909f0882e/fonttools-4.42.1-py3-none-any.whl", hash = "sha256:9398f244e28e0596e2ee6024f808b06060109e33ed38dcc9bded452fd9bbb853", size = 1033929, upload-time = "2023-08-20T13:56:57.456Z" },
]

[[package]]
name = "graphviz"
version = "0.20.1"
source = { registry = "https://pypi.org/simple" }
sdist = { url = "https://files.pythonhosted.org/packages/a5/90/fb047ce95c1eadde6ae78b3fca6a598b4c307277d4f8175d12b18b8f7321/graphviz-0.20.1.zip", hash = "sha256:8c58f14adaa3b947daf26c19bc1e98c4e0702cdc31cf99153e6f06904d492bf8", size = 255182, upload-time = "2022-07-23T11:33:05.786Z" }
wheels = [
    { url = "https://files.pythonhosted.org/packages/de/5e/fcbb22c68208d39edff467809d06c9d81d7d27426460ebc598e55130c1aa/graphviz-0.20.1-py3-none-any.whl", hash = "sha256:587c58a223b51611c0cf461132da386edd896a029524ca61a1462b880bf97977", size = 47037, upload-time = "2022-07-23T11:33:03.472Z" },
]

[[package]]
name = "joblib"
version = "1.3.2"
source = { registry = "https://pypi.org/simple" }
sdist = { url = "https://files.pythonhosted.org/packages/15/0f/d3b33b9f106dddef461f6df1872b7881321b247f3d255b87f61a7636f7fe/joblib-1.3.2.tar.gz", hash = "sha256:92f865e621e17784e7955080b6d042489e3b8e294949cc44c6eac304f59772b1", size = 1987720, upload-time = "2023-08-09T09:23:40.503Z" }
wheels = [
    { url = "https://files.pythonhosted.org/packages/10/40/d551139c85db202f1f384ba8bcf96aca2f329440a844f924c8a0040b6d02/joblib-1.3.2-py3-none-any.whl", hash = "sha256:ef4331c65f239985f3f2220ecc87db222f08fd22097a3dd5698f693875f8cbb9", size = 302207, upload-time = "2023-08-09T09:23:34.583Z" },
]

[[package]]
name = "kiwisolver"
version = "1.4.5"
source = { registry = "https://pypi.org/simple" }
sdist = { url = "https://files.pythonhosted.org/packages/b9/2d/226779e405724344fc678fcc025b812587617ea1a48b9442628b688e85ea/kiwisolver-1.4.5.tar.gz", hash = "sha256:e57e563a57fb22a142da34f38acc2fc1a5c864bc29ca1517a88abc963e60d6ec", size = 97552, upload-time = "2023-08-24T09:30:39.861Z" }
wheels = [
    { url = "https://files.pythonhosted.org/packages/f1/56/cb02dcefdaab40df636b91e703b172966b444605a0ea313549f3ffc05bd3/kiwisolver-1.4.5-cp310-cp310-macosx_10_9_universal2.whl", hash = "sha256:05703cf211d585109fcd72207a31bb170a0f22144d68298dc5e61b3c946518af", size = 127397, upload-time = "2023-08-24T09:28:18.105Z" },
    { url = "https://files.pythonhosted.org/packages/0e/c1/d084f8edb26533a191415d5173157080837341f9a06af9dd1a75f727abb4/kiwisolver-1.4.5-cp310-cp310-macosx_10_9_x86_64.whl", hash = "sha256:146d14bebb7f1dc4d5fbf74f8a6cb15ac42baadee8912eb84ac0b3b2a3dc6ac3", size = 68125, upload-time = "2023-08-24T09:28:19.218Z" },
    { url = "https://files.pythonhosted.org/packages/23/11/6fb190bae4b279d712a834e7b1da89f6dcff6791132f7399aa28a57c3565/kiwisolver-1.4.5-cp310-cp310-macosx_11_0_arm64.whl", hash = "sha256:6ef7afcd2d281494c0a9101d5c571970708ad911d028137cd558f02b851c08b4", size = 66211, upload-time = "2023-08-24T09:28:20.241Z" },
    { url = "https://files.pythonhosted.org/packages/b3/13/5e9e52feb33e9e063f76b2c5eb09cb977f5bba622df3210081bfb26ec9a3/kiwisolver-1.4.5-cp310-cp310-manylinux_2_12_i686.manylinux2010_i686.whl", hash = "sha256:9eaa8b117dc8337728e834b9c6e2611f10c79e38f65157c4c38e9400286f5cb1", size = 1637145, upload-time = "2023-08-24T09:28:21.439Z" },
    { url = "https://files.pythonhosted.org/packages/6f/40/4ab1fdb57fced80ce5903f04ae1aed7c1d5939dda4fd0c0aa526c12fe28a/kiwisolver-1.4.5-cp310-cp310-manylinux_2_12_x86_64.manylinux2010_x86_64.whl", hash = "sha256:ec20916e7b4cbfb1f12380e46486ec4bcbaa91a9c448b97023fde0d5bbf9e4ff", size = 1617849, upload-time = "2023-08-24T09:28:23.004Z" },
    { url = "https://files.pythonhosted.org/packages/49/ca/61ef43bd0832c7253b370735b0c38972c140c8774889b884372a629a8189/kiwisolver-1.4.5-cp310-cp310-manylinux_2_17_aarch64.manylinux2014_aarch64.whl", hash = "sha256:39b42c68602539407884cf70d6a480a469b93b81b7701378ba5e2328660c847a", size = 1400921, upload-time = "2023-08-24T09:28:24.331Z" },
    { url = "https://files.pythonhosted.org/packages/68/6f/854f6a845c00b4257482468e08d8bc386f4929ee499206142378ba234419/kiwisolver-1.4.5-cp310-cp310-manylinux_2_17_ppc64le.manylinux2014_ppc64le.whl", hash = "sha256:aa12042de0171fad672b6c59df69106d20d5596e4f87b5e8f76df757a7c399aa", size = 1513009, upload-time = "2023-08-24T09:28:25.636Z" },
    { url = "https://files.pythonhosted.org/packages/50/65/76f303377167d12eb7a9b423d6771b39fe5c4373e4a42f075805b1f581ae/kiwisolver-1.4.5-cp310-cp310-manylinux_2_17_s390x.manylinux2014_s390x.whl", hash = "sha256:2a40773c71d7ccdd3798f6489aaac9eee213d566850a9533f8d26332d626b82c", size = 1444819, upload-time = "2023-08-24T09:28:27.547Z" },
    { url = "https://files.pythonhosted.org/packages/7e/ee/98cdf9dde129551467138b6e18cc1cc901e75ecc7ffb898c6f49609f33b1/kiwisolver-1.4.5-cp310-cp310-musllinux_1_1_aarch64.whl", hash = "sha256:19df6e621f6d8b4b9c4d45f40a66839294ff2bb235e64d2178f7522d9170ac5b", size = 1817054, upload-time = "2023-08-24T09:28:28.839Z" },
    { url = "https://files.pythonhosted.org/packages/e6/5b/ab569016ec4abc7b496f6cb8a3ab511372c99feb6a23d948cda97e0db6da/kiwisolver-1.4.5-cp310-cp310-musllinux_1_1_i686.whl", hash = "sha256:83d78376d0d4fd884e2c114d0621624b73d2aba4e2788182d286309ebdeed770", size = 1918613, upload-time = "2023-08-24T09:28:30.351Z" },
    { url = "https://files.pythonhosted.org/packages/93/ac/39b9f99d2474b1ac7af1ddfe5756ddf9b6a8f24c5f3a32cd4c010317fc6b/kiwisolver-1.4.5-cp310-cp310-musllinux_1_1_ppc64le.whl", hash = "sha256:e391b1f0a8a5a10ab3b9bb6afcfd74f2175f24f8975fb87ecae700d1503cdee0", size = 1872650, upload-time = "2023-08-24T09:28:32.303Z" },
    { url = "https://files.pythonhosted.org/packages/40/5b/be568548266516b114d1776120281ea9236c732fb6032a1f8f3b1e5e921c/kiwisolver-1.4.5-cp310-cp310-musllinux_1_1_s390x.whl", hash = "sha256:852542f9481f4a62dbb5dd99e8ab7aedfeb8fb6342349a181d4036877410f525", size = 1827415, upload-time = "2023-08-24T09:28:34.141Z" },
    { url = "https://files.pythonhosted.org/packages/d4/80/c0c13d2a17a12937a19ef378bf35e94399fd171ed6ec05bcee0f038e1eaf/kiwisolver-1.4.5-cp310-cp310-musllinux_1_1_x86_64.whl", hash = "sha256:59edc41b24031bc25108e210c0def6f6c2191210492a972d585a06ff246bb79b", size = 1838094, upload-time = "2023-08-24T09:28:35.97Z" },
    { url = "https://files.pythonhosted.org/packages/70/d1/5ab93ee00ca5af708929cc12fbe665b6f1ed4ad58088e70dc00e87e0d107/kiwisolver-1.4.5-cp310-cp310-win32.whl", hash = "sha256:a6aa6315319a052b4ee378aa171959c898a6183f15c1e541821c5c59beaa0238", size = 46585, upload-time = "2023-08-24T09:28:37.326Z" },
    { url = "https://files.pythonhosted.org/packages/4a/a1/8a9c9be45c642fa12954855d8b3a02d9fd8551165a558835a19508fec2e6/kiwisolver-1.4.5-cp310-cp310-win_amd64.whl", hash = "sha256:d0ef46024e6a3d79c01ff13801cb19d0cad7fd859b15037aec74315540acc276", size = 56095, upload-time = "2023-08-24T09:28:38.325Z" },
]

[[package]]
name = "matplotlib"
version = "3.7.2"
source = { registry = "https://pypi.org/simple" }
dependencies = [
    { name = "contourpy" },
    { name = "cycler" },
    { name = "fonttools" },
    { name = "kiwisolver" },
    { name = "numpy" },
    { name = "packaging" },
    { name = "pillow" },
    { name = "pyparsing" },
    { name = "python-dateutil" },
]
sdist = { url = "https://files.pythonhosted.org/packages/e5/59/b859fa2539b4121b016ea85758188203522fc12b0711de8b247cfec3cdac/matplotlib-3.7.2.tar.gz", hash = "sha256:a8cdb91dddb04436bd2f098b8fdf4b81352e68cf4d2c6756fcc414791076569b", size = 38095843, upload-time = "2023-07-05T21:01:24.243Z" }
wheels = [
    { url = "https://files.pythonhosted.org/packages/72/7d/2ad1b94106f8b1971d1eff0ebb97a81d980c448732a3e624bba281bd274d/matplotlib-3.7.2-cp310-cp310-macosx_10_12_universal2.whl", hash = "sha256:2699f7e73a76d4c110f4f25be9d2496d6ab4f17345307738557d345f099e07de", size = 8316664, upload-time = "2023-07-05T21:01:41.95Z" },
    { url = "https://files.pythonhosted.org/packages/54/6d/78dd357b35a9c94a56c51a34c123460313e3bdf2e454ce4274ac67b9a5e0/matplotlib-3.7.2-cp310-cp310-macosx_10_12_x86_64.whl", hash = "sha256:a8035ba590658bae7562786c9cc6ea1a84aa49d3afab157e414c9e2ea74f496d", size = 7432279, upload-time = "2023-07-05T21:01:45.797Z" },
    { url = "https://files.pythonhosted.org/packages/8d/22/719f4fff33b13b0708711fb52ca3fc44617a26728e0e023358288d5197ae/matplotlib-3.7.2-cp310-cp310-macosx_11_0_arm64.whl", hash = "sha256:2f8e4a49493add46ad4a8c92f63e19d548b2b6ebbed75c6b4c7f46f57d36cdd1", size = 7335807, upload-time = "2023-07-05T21:01:48.697Z" },
    { url = "https://files.pythonhosted.org/packages/64/e1/e7ee2ac522b66aed3022da0ab33b90e7d7f58aa17adbfaf123247598a0af/matplotlib-3.7.2-cp310-cp310-manylinux_2_17_aarch64.manylinux2014_aarch64.whl", hash = "sha256:71667eb2ccca4c3537d9414b1bc00554cb7f91527c17ee4ec38027201f8f1603", size = 11351211, upload-time = "2023-07-05T21:01:51.959Z" },
    { url = "https://files.pythonhosted.org/packages/88/a1/87831b97514680828bfbac6054c38bda114ef8acd58150309467e9190cb7/matplotlib-3.7.2-cp310-cp310-manylinux_2_17_i686.manylinux2014_i686.whl", hash = "sha256:152ee0b569a37630d8628534c628456b28686e085d51394da6b71ef84c4da201", size = 11454949, upload-time = "2023-07-05T21:02:00.119Z" },
    { url = "https://files.pythonhosted.org/packages/c2/da/a5622266952ab05dc3995d77689cba600e49ea9d6c51d469c077695cb719/matplotlib-3.7.2-cp310-cp310-manylinux_2_17_x86_64.manylinux2014_x86_64.whl", hash = "sha256:070f8dddd1f5939e60aacb8fa08f19551f4b0140fab16a3669d5cd6e9cb28fc8", size = 11576454, upload-time = "2023-07-05T21:02:06.577Z" },
    { url = "https://files.pythonhosted.org/packages/d0/39/4c4fb38ec2356bcbc9017a5421623aec69aacde110e4e76d34d0a43702f0/matplotlib-3.7.2-cp310-cp310-win32.whl", hash = "sha256:fdbb46fad4fb47443b5b8ac76904b2e7a66556844f33370861b4788db0f8816a", size = 7337608, upload-time = "2023-07-05T21:02:09.772Z" },
    { url = "https://files.pythonhosted.org/packages/ff/1f/2b83c7acf453318a80dc619e99fc30a663b2c1fb18be3d358a96addfecd9/matplotlib-3.7.2-cp310-cp310-win_amd64.whl", hash = "sha256:23fb1750934e5f0128f9423db27c474aa32534cec21f7b2153262b066a581fd1", size = 7504668, upload-time = "2023-07-05T21:02:12.321Z" },
]

[[package]]
name = "numpy"
version = "1.25.2"
source = { registry = "https://pypi.org/simple" }
sdist = { url = "https://files.pythonhosted.org/packages/a0/41/8f53eff8e969dd8576ddfb45e7ed315407d27c7518ae49418be8ed532b07/numpy-1.25.2.tar.gz", hash = "sha256:fd608e19c8d7c55021dffd43bfe5492fab8cc105cc8986f813f8c3c048b38760", size = 10805282, upload-time = "2023-07-31T15:17:43.198Z" }
wheels = [
    { url = "https://files.pythonhosted.org/packages/d5/50/8aedb5ff1460e7c8527af15c6326115009e7c270ec705487155b779ebabb/numpy-1.25.2-cp310-cp310-macosx_10_9_x86_64.whl", hash = "sha256:db3ccc4e37a6873045580d413fe79b68e47a681af8db2e046f1dacfa11f86eb3", size = 20814934, upload-time = "2023-07-31T14:50:49.761Z" },
    { url = "https://files.pythonhosted.org/packages/c3/ea/1d95b399078ecaa7b5d791e1fdbb3aee272077d9fd5fb499593c87dec5ea/numpy-1.25.2-cp310-cp310-macosx_11_0_arm64.whl", hash = "sha256:90319e4f002795ccfc9050110bbbaa16c944b1c37c0baeea43c5fb881693ae1f", size = 13994425, upload-time = "2023-07-31T14:51:12.312Z" },
    { url = "https://files.pythonhosted.org/packages/b1/39/3f88e2bfac1fb510c112dc0c78a1e7cad8f3a2d75e714d1484a044c56682/numpy-1.25.2-cp310-cp310-manylinux_2_17_aarch64.manylinux2014_aarch64.whl", hash = "sha256:dfe4a913e29b418d096e696ddd422d8a5d13ffba4ea91f9f60440a3b759b0187", size = 14167163, upload-time = "2023-07-31T14:51:34.507Z" },
    { url = "https://files.pythonhosted.org/packages/71/3c/3b1981c6a1986adc9ee7db760c0c34ea5b14ac3da9ecfcf1ea2a4ec6c398/numpy-1.25.2-cp310-cp310-manylinux_2_17_x86_64.manylinux2014_x86_64.whl", hash = "sha256:f08f2e037bba04e707eebf4bc934f1972a315c883a9e0ebfa8a7756eabf9e357", size = 18219190, upload-time = "2023-07-31T14:52:07.478Z" },
    { url = "https://files.pythonhosted.org/packages/73/6f/2a0d0ad31a588d303178d494787f921c246c6234eccced236866bc1beaa5/numpy-1.25.2-cp310-cp310-musllinux_1_1_x86_64.whl", hash = "sha256:bec1e7213c7cb00d67093247f8c4db156fd03075f49876957dca4711306d39c9", size = 18068385, upload-time = "2023-07-31T14:52:35.891Z" },
    { url = "https://files.pythonhosted.org/packages/63/bd/a1c256cdea5d99e2f7e1acc44fc287455420caeb2e97d43ff0dda908fae8/numpy-1.25.2-cp310-cp310-win32.whl", hash = "sha256:7dc869c0c75988e1c693d0e2d5b26034644399dd929bc049db55395b1379e044", size = 12661360, upload-time = "2023-07-31T14:52:56.694Z" },
    { url = "https://files.pythonhosted.org/packages/b7/db/4d37359e2c9cf8bf071c08b8a6f7374648a5ab2e76e2e22e3b808f81d507/numpy-1.25.2-cp310-cp310-win_amd64.whl", hash = "sha256:834b386f2b8210dca38c71a6e0f4fd6922f7d3fcff935dbe3a570945acb1b545", size = 15554633, upload-time = "2023-07-31T14:53:21.013Z" },
]

[[package]]
name = "packaging"
version = "23.1"
source = { registry = "https://pypi.org/simple" }
sdist = { url = "https://files.pythonhosted.org/packages/b9/6c/7c6658d258d7971c5eb0d9b69fa9265879ec9a9158031206d47800ae2213/packaging-23.1.tar.gz", hash = "sha256:a392980d2b6cffa644431898be54b0045151319d1e7ec34f0cfed48767dd334f", size = 134240, upload-time = "2023-04-12T16:11:11.76Z" }
wheels = [
    { url = "https://files.pythonhosted.org/packages/ab/c3/57f0601a2d4fe15de7a553c00adbc901425661bf048f2a22dfc500caf121/packaging-23.1-py3-none-any.whl", hash = "sha256:994793af429502c4ea2ebf6bf664629d07c1a9fe974af92966e4b8d2df7edc61", size = 48905, upload-time = "2023-04-12T16:11:09.29Z" },
]

[[package]]
name = "pandas"
version = "2.0.3"
source = { registry = "https://pypi.org/simple" }
dependencies = [
    { name = "numpy" },
    { name = "python-dateutil" },
    { name = "pytz" },
    { name = "tzdata" },
]
sdist = { url = "https://files.pythonhosted.org/packages/b1/a7/824332581e258b5aa4f3763ecb2a797e5f9a54269044ba2e50ac19936b32/pandas-2.0.3.tar.gz", hash = "sha256:c02f372a88e0d17f36d3093a644c73cfc1788e876a7c4bcb4020a77512e2043c", size = 5284455, upload-time = "2023-06-28T23:19:33.371Z" }
wheels = [
    { url = "https://files.pythonhosted.org/packages/3c/b2/0d4a5729ce1ce11630c4fc5d5522a33b967b3ca146c210f58efde7c40e99/pandas-2.0.3-cp310-cp310-macosx_10_9_x86_64.whl", hash = "sha256:e4c7c9f27a4185304c7caf96dc7d91bc60bc162221152de697c98eb0b2648dd8", size = 11760908, upload-time = "2023-06-28T23:15:57.001Z" },
    { url = "https://files.pythonhosted.org/packages/4a/f6/f620ca62365d83e663a255a41b08d2fc2eaf304e0b8b21bb6d62a7390fe3/pandas-2.0.3-cp310-cp310-macosx_11_0_arm64.whl", hash = "sha256:f167beed68918d62bffb6ec64f2e1d8a7d297a038f86d4aed056b9493fca407f", size = 10823486, upload-time = "2023-06-28T23:16:06.863Z" },
    { url = "https://files.pythonhosted.org/packages/c2/59/cb4234bc9b968c57e81861b306b10cd8170272c57b098b724d3de5eda124/pandas-2.0.3-cp310-cp310-manylinux_2_17_aarch64.manylinux2014_aarch64.whl", hash = "sha256:ce0c6f76a0f1ba361551f3e6dceaff06bde7514a374aa43e33b588ec10420183", size = 11571897, upload-time = "2023-06-28T23:16:14.208Z" },
    { url = "https://files.pythonhosted.org/packages/e3/59/35a2892bf09ded9c1bf3804461efe772836a5261ef5dfb4e264ce813ff99/pandas-2.0.3-cp310-cp310-manylinux_2_17_x86_64.manylinux2014_x86_64.whl", hash = "sha256:ba619e410a21d8c387a1ea6e8a0e49bb42216474436245718d7f2e88a2f8d7c0", size = 12306421, upload-time = "2023-06-28T23:16:23.26Z" },
    { url = "https://files.pythonhosted.org/packages/94/71/3a0c25433c54bb29b48e3155b959ac78f4c4f2f06f94d8318aac612cb80f/pandas-2.0.3-cp310-cp310-win32.whl", hash = "sha256:3ef285093b4fe5058eefd756100a367f27029913760773c8bf1d2d8bebe5d210", size = 9540792, upload-time = "2023-06-28T23:16:30.876Z" },
    { url = "https://files.pythonhosted.org/packages/ed/30/b97456e7063edac0e5a405128065f0cd2033adfe3716fb2256c186bd41d0/pandas-2.0.3-cp310-cp310-win_amd64.whl", hash = "sha256:9ee1a69328d5c36c98d8e74db06f4ad518a1840e8ccb94a4ba86920986bb617e", size = 10664333, upload-time = "2023-06-28T23:16:39.209Z" },
]

[[package]]
name = "pillow"
version = "10.0.0"
source = { registry = "https://pypi.org/simple" }
sdist = { url = "https://files.pythonhosted.org/packages/0f/8b/2ebaf9adcf4260c00f842154865f8730cf745906aa5dd499141fb6063e26/Pillow-10.0.0.tar.gz", hash = "sha256:9c82b5b3e043c7af0d95792d0d20ccf68f61a1fec6b3530e718b688422727396", size = 50527522, upload-time = "2023-07-01T14:59:45.775Z" }
wheels = [
    { url = "https://files.pythonhosted.org/packages/73/26/75fd7c1adc40bbdcbebc1adc120388d581e1d98a106257369a9bf8c44865/Pillow-10.0.0-cp310-cp310-macosx_10_10_x86_64.whl", hash = "sha256:1f62406a884ae75fb2f818694469519fb685cc7eaff05d3451a9ebe55c646891", size = 3398696, upload-time = "2023-07-01T14:56:18.752Z" },
    { url = "https://files.pythonhosted.org/packages/ef/53/024e161112beb11008d6c7529c954e2ec641ae17b99e03fe9a539e114ae6/Pillow-10.0.0-cp310-cp310-macosx_11_0_arm64.whl", hash = "sha256:d5db32e2a6ccbb3d34d87c87b432959e0db29755727afb37290e10f6e8e62614", size = 3111904, upload-time = "2023-07-01T14:56:22.474Z" },
    { url = "https://files.pythonhosted.org/packages/23/08/bbd0a562bafe23b4c36d25072c89b8c31815f350a169016ede2644784ed6/Pillow-10.0.0-cp310-cp310-manylinux_2_17_aarch64.manylinux2014_aarch64.whl", hash = "sha256:edf4392b77bdc81f36e92d3a07a5cd072f90253197f4a52a55a8cec48a12483b", size = 3117233, upload-time = "2023-07-01T14:56:25.743Z" },
    { url = "https://files.pythonhosted.org/packages/7b/c9/08de9a629ce7cdeaea0ddca716e9efcd1844b2650f5b9dd8ec5609e40ffe/Pillow-10.0.0-cp310-cp310-manylinux_2_17_x86_64.manylinux2014_x86_64.whl", hash = "sha256:520f2a520dc040512699f20fa1c363eed506e94248d71f85412b625026f6142c", size = 3314487, upload-time = "2023-07-01T14:56:30.023Z" },
    { url = "https://files.pythonhosted.org/packages/ac/0c/7eeab446ab3acfb1ef0150308b663fa6f886d02f1d0fe66e7f67ffd6a844/Pillow-10.0.0-cp310-cp310-manylinux_2_28_aarch64.whl", hash = "sha256:8c11160913e3dd06c8ffdb5f233a4f254cb449f4dfc0f8f4549eda9e542c93d1", size = 3169197, upload-time = "2023-07-01T14:56:33.394Z" },
    { url = "https://files.pythonhosted.org/packages/3d/36/e78f09d510354977e10102dd811e928666021d9c451e05df962d56477772/Pillow-10.0.0-cp310-cp310-manylinux_2_28_x86_64.whl", hash = "sha256:a74ba0c356aaa3bb8e3eb79606a87669e7ec6444be352870623025d75a14a2bf", size = 3421015, upload-time = "2023-07-01T14:56:36.863Z" },
    { url = "https://files.pythonhosted.org/packages/f8/31/4cb552d54380f1d55a7c24db1c6fb8bb2370f57fc2fe31e11c1eb5f7e499/Pillow-10.0.0-cp310-cp310-musllinux_1_1_aarch64.whl", hash = "sha256:d5d0dae4cfd56969d23d94dc8e89fb6a217be461c69090768227beb8ed28c0a3", size = 3355236, upload-time = "2023-07-01T14:56:40.218Z" },
    { url = "https://files.pythonhosted.org/packages/60/34/c90bacb4a72ead5c78e4d8291e0d3bb88cc3def3c76f059e9a8502fc421e/Pillow-10.0.0-cp310-cp310-musllinux_1_1_x86_64.whl", hash = "sha256:22c10cc517668d44b211717fd9775799ccec4124b9a7f7b3635fc5386e584992", size = 3420276, upload-time = "2023-07-01T14:56:43.692Z" },
    { url = "https://files.pythonhosted.org/packages/d0/4f/faebe1180e5e6ad6330c539dda7f6081182157393ba6816a438f759a0e59/Pillow-10.0.0-cp310-cp310-win_amd64.whl", hash = "sha256:dffe31a7f47b603318c609f378ebcd57f1554a3a6a8effbc59c3c69f804296de", size = 2513088, upload-time = "2023-07-01T14:56:46.764Z" },
    { url = "https://files.pythonhosted.org/packages/78/b9/e5bc84e6ed714c7f0ec0dfe3f82c050c16126294e3d078fe155f10bd5971/Pillow-10.0.0-pp310-pypy310_pp73-macosx_10_10_x86_64.whl", hash = "sha256:92be919bbc9f7d09f7ae343c38f5bb21c973d2576c1d45600fce4b74bafa7ac0", size = 3353092, upload-time = "2023-07-01T14:58:55.2Z" },
    { url = "https://files.pythonhosted.org/packages/ef/0f/eea2ed37a53e816c8ed392a031468498687585c8d62ca89deeb687c0e89c/Pillow-10.0.0-pp310-pypy310_pp73-manylinux_2_17_x86_64.manylinux2014_x86_64.whl", hash = "sha256:8f8182b523b2289f7c415f589118228d30ac8c355baa2f3194ced084dac2dbba", size = 3228084, upload-time = "2023-07-01T14:58:58.599Z" },
    { url = "https://files.pythonhosted.org/packages/12/2e/7f20311309d03ccfefc3df6c00524d996d15a18319b46953ac8ee158b5a9/Pillow-10.0.0-pp310-pypy310_pp73-manylinux_2_28_x86_64.whl", hash = "sha256:38250a349b6b390ee6047a62c086d3817ac69022c127f8a5dc058c31ccef17f3", size = 3303031, upload-time = "2023-07-01T14:59:01.827Z" },
    { url = "https://files.pythonhosted.org/packages/a8/df/f52e3621148bb35d06c8f6a113ee949169388a2a3095550314fa6b6809f5/Pillow-10.0.0-pp310-pypy310_pp73-win_amd64.whl", hash = "sha256:88af2003543cc40c80f6fca01411892ec52b11021b3dc22ec3bc9d5afd1c5334", size = 2513263, upload-time = "2023-07-01T14:59:04.804Z" },
]

[[package]]
name = "plotly"
version = "5.16.1"
source = { registry = "https://pypi.org/simple" }
dependencies = [
    { name = "packaging" },
    { name = "tenacity" },
]
sdist = { url = "https://files.pythonhosted.org/packages/8a/2a/417a2a7bd09fcf52f7590f00fa05e4e918b57adf11454d349e6317738186/plotly-5.16.1.tar.gz", hash = "sha256:295ac25edeb18c893abb71dcadcea075b78fd6fdf07cee4217a4e1009667925b", size = 7795459, upload-time = "2023-08-16T18:14:19.493Z" }
wheels = [
    { url = "https://files.pythonhosted.org/packages/26/5d/1e13b597ed8e54803e9ac6ded18c04cd35d8cbc49016778ec50c4ca9e9d5/plotly-5.16.1-py2.py3-none-any.whl", hash = "sha256:19cc34f339acd4e624177806c14df22f388f23fb70658b03aad959a0e650a0dc", size = 15581242, upload-time = "2023-08-16T18:14:13.885Z" },
]

[[package]]
name = "pyparsing"
version = "3.0.9"
source = { registry = "https://pypi.org/simple" }
sdist = { url = "https://files.pythonhosted.org/packages/71/22/207523d16464c40a0310d2d4d8926daffa00ac1f5b1576170a32db749636/pyparsing-3.0.9.tar.gz", hash = "sha256:2b020ecf7d21b687f219b71ecad3631f644a47f01403fa1d1036b0c6416d70fb", size = 1999906, upload-time = "2022-05-10T23:26:05.963Z" }
wheels = [
    { url = "https://files.pythonhosted.org/packages/6c/10/a7d0fa5baea8fe7b50f448ab742f26f52b80bfca85ac2be9d35cdd9a3246/pyparsing-3.0.9-py3-none-any.whl", hash = "sha256:5026bae9a10eeaefb61dab2f09052b9f4307d44aee4eda64b309723d8d206bbc", size = 98338, upload-time = "2022-05-10T23:26:03.201Z" },
]

[[package]]
name = "python-dateutil"
version = "2.8.2"
source = { registry = "https://pypi.org/simple" }
dependencies = [
    { name = "six" },
]
sdist = { url = "https://files.pythonhosted.org/packages/4c/c4/13b4776ea2d76c115c1d1b84579f3764ee6d57204f6be27119f13a61d0a9/python-dateutil-2.8.2.tar.gz", hash = "sha256:0123cacc1627ae19ddf3c27a5de5bd67ee4586fbdd6440d9748f8abb483d3e86", size = 357324, upload-time = "2021-07-14T08:19:19.783Z" }
wheels = [
    { url = "https://files.pythonhosted.org/packages/36/7a/87837f39d0296e723bb9b62bbb257d0355c7f6128853c78955f57342a56d/python_dateutil-2.8.2-py2.py3-none-any.whl", hash = "sha256:961d03dc3453ebbc59dbdea9e4e11c5651520a876d0f4db161e8674aae935da9", size = 247702, upload-time = "2021-07-14T08:19:18.161Z" },
]

[[package]]
name = "pytz"
version = "2023.3"
source = { registry = "https://pypi.org/simple" }
sdist = { url = "https://files.pythonhosted.org/packages/5e/32/12032aa8c673ee16707a9b6cdda2b09c0089131f35af55d443b6a9c69c1d/pytz-2023.3.tar.gz", hash = "sha256:1d8ce29db189191fb55338ee6d0387d82ab59f3d00eac103412d64e0ebd0c588", size = 317095, upload-time = "2023-03-29T04:23:28.655Z" }
wheels = [
    { url = "https://files.pythonhosted.org/packages/7f/99/ad6bd37e748257dd70d6f85d916cafe79c0b0f5e2e95b11f7fbc82bf3110/pytz-2023.3-py2.py3-none-any.whl", hash = "sha256:a151b3abb88eda1d4e34a9814df37de2a80e301e68ba0fd856fb9b46bfbbbffb", size = 502345, upload-time = "2023-03-29T04:23:25.307Z" },
]

[[package]]
name = "rdkit"
version = "2023.3.3"
source = { registry = "https://pypi.org/simple" }
dependencies = [
    { name = "numpy" },
    { name = "pillow" },
]
wheels = [
    { url = "https://files.pythonhosted.org/packages/d7/47/65aba96ede8f2502cea4b5c996d2ecb3ed0bdbaeaf2aee0c754345b8af47/rdkit-2023.3.3-cp310-cp310-macosx_10_9_x86_64.whl", hash = "sha256:933a9a8411034f367dd0c683cb3be0d13f801fdc1c3a01fcc0a06814d6a0206f", size = 25089122, upload-time = "2023-08-18T15:24:33.623Z" },
    { url = "https://files.pythonhosted.org/packages/5e/72/c746db80da4bd0c9e925674777a8be33bf3e6d122b0da04bc7352b63fc21/rdkit-2023.3.3-cp310-cp310-macosx_11_0_arm64.whl", hash = "sha256:beeb32ee75b35d29563f32ccbf34979878813ae53f173345dc395d9dcb2451db", size = 23378275, upload-time = "2023-08-18T15:24:37.574Z" },
    { url = "https://files.pythonhosted.org/packages/b1/06/e814a204d89804be95e68add08a881f0469ea79e9f7e07845a3598ec550a/rdkit-2023.3.3-cp310-cp310-manylinux_2_17_aarch64.manylinux2014_aarch64.whl", hash = "sha256:83f0cbddd7d65c72b3b286dcb8e8d25242e9c42f8fa9678280ec292d1d21ed83", size = 28962424, upload-time = "2023-08-18T15:24:41.782Z" },
    { url = "https://files.pythonhosted.org/packages/bb/ee/e74ab769bb62eb8b3c79556c2af01697800f65c6e137af2f6c5ce58753bd/rdkit-2023.3.3-cp310-cp310-manylinux_2_17_x86_64.manylinux2014_x86_64.whl", hash = "sha256:e455df1c75fc0d6eebb173f17f9660697a9f8c2b5b32643c162362e294e83af8", size = 29711752, upload-time = "2023-08-18T15:24:47.221Z" },
    { url = "https://files.pythonhosted.org/packages/b1/aa/1ae6e984f3af4fa8e38f24eff426ea18f309116881fe6ca16ee014a3bfe1/rdkit-2023.3.3-cp310-cp310-win_amd64.whl", hash = "sha256:75acf8c4cc2c833055529921de9e86758e08f8bf49a294ed5871a8909bd02b5c", size = 20560499, upload-time = "2023-08-18T15:24:51.369Z" },
]

[[package]]
name = "scikit-learn"
version = "1.3.0"
source = { registry = "https://pypi.org/simple" }
dependencies = [
    { name = "joblib" },
    { name = "numpy" },
    { name = "scipy" },
    { name = "threadpoolctl" },
]
sdist = { url = "https://files.pythonhosted.org/packages/72/cd/4761675df1b3dd93072c89697278f3ed3dc004a60c034cd2603c43ff64b5/scikit-learn-1.3.0.tar.gz", hash = "sha256:8be549886f5eda46436b6e555b0e4873b4f10aa21c07df45c4bc1735afbccd7a", size = 7483039, upload-time = "2023-06-30T07:56:11.725Z" }
wheels = [
    { url = "https://files.pythonhosted.org/packages/35/d3/83a3e7144da980604a20e27b6f1e8a2164ab324310d69a82f2cff1da6326/scikit_learn-1.3.0-cp310-cp310-macosx_10_9_x86_64.whl", hash = "sha256:981287869e576d42c682cf7ca96af0c6ac544ed9316328fd0d9292795c742cf5", size = 10194651, upload-time = "2023-06-30T07:54:40.92Z" },
    { url = "https://files.pythonhosted.org/packages/e1/5f/0b5b11fd766b674b0eb887e15006175503f23c230ced2a22fb186262e1e5/scikit_learn-1.3.0-cp310-cp310-macosx_12_0_arm64.whl", hash = "sha256:436aaaae2c916ad16631142488e4c82f4296af2404f480e031d866863425d2a2", size = 9464609, upload-time = "2023-06-30T07:54:44.751Z" },
    { url = "https://files.pythonhosted.org/packages/a0/61/970fbef9dcb224023f2c2ddf19b13e5a96b5185705c4a075108bbe7fa7f9/scikit_learn-1.3.0-cp310-cp310-manylinux_2_17_aarch64.manylinux2014_aarch64.whl", hash = "sha256:c7e28d8fa47a0b30ae1bd7a079519dd852764e31708a7804da6cb6f8b36e3630", size = 10289043, upload-time = "2023-06-30T07:54:51.695Z" },
    { url = "https://files.pythonhosted.org/packages/5c/e9/ee572691a3fb05555bcde41826faad29ae4bc1fb07982e7f53d54a176879/scikit_learn-1.3.0-cp310-cp310-manylinux_2_17_x86_64.manylinux2014_x86_64.whl", hash = "sha256:ae80c08834a473d08a204d966982a62e11c976228d306a2648c575e3ead12111", size = 10804028, upload-time = "2023-06-30T07:55:07.868Z" },
    { url = "https://files.pythonhosted.org/packages/96/cf/a714a655266229b51eb2bda117f15275f12457887f165f3c1cc58ab502f1/scikit_learn-1.3.0-cp310-cp310-win_amd64.whl", hash = "sha256:552fd1b6ee22900cf1780d7386a554bb96949e9a359999177cf30211e6b20df6", size = 9241046, upload-time = "2023-06-30T07:55:11.016Z" },
]

[[package]]
name = "scipy"
version = "1.11.2"
source = { registry = "https://pypi.org/simple" }
dependencies = [
    { name = "numpy" },
]
sdist = { url = "https://files.pythonhosted.org/packages/9c/ef/87a5565907645998d7c62e76b84b0ca9f0b7c25cd433f5617a968051cec3/scipy-1.11.2.tar.gz", hash = "sha256:b29318a5e39bd200ca4381d80b065cdf3076c7d7281c5e36569e99273867f61d", size = 56045065, upload-time = "2023-08-17T22:12:36.469Z" }
wheels = [
    { url = "https://files.pythonhosted.org/packages/65/da/4d0dfd29379c8ee3ba54b19249f673cc98448e0fd86170339fb02031f0e9/scipy-1.11.2-cp310-cp310-macosx_10_9_x86_64.whl", hash = "sha256:2b997a5369e2d30c97995dcb29d638701f8000d04df01b8e947f206e5d0ac788", size = 37162915, upload-time = "2023-08-17T22:08:09.157Z" },
    { url = "https://files.pythonhosted.org/packages/63/b9/0344b60e7c577eb637785841222fde8ef7928ec4797be1a34ca39bfe31dc/scipy-1.11.2-cp310-cp310-macosx_12_0_arm64.whl", hash = "sha256:95763fbda1206bec41157582bea482f50eb3702c85fffcf6d24394b071c0e87a", size = 29647231, upload-time = "2023-08-17T22:08:14.96Z" },
    { url = "https://files.pythonhosted.org/packages/a7/99/370831a3fdb4c0c4187c75709bf298d3784b0a9a8574f50653ede3ab873d/scipy-1.11.2-cp310-cp310-manylinux_2_17_aarch64.manylinux2014_aarch64.whl", hash = "sha256:e367904a0fec76433bf3fbf3e85bf60dae8e9e585ffd21898ab1085a29a04d16", size = 32787468, upload-time = "2023-08-17T22:08:21.076Z" },
    { url = "https://files.pythonhosted.org/packages/a8/cc/c36f3439f5d47c3b13833ce6687b43a040cc7638c502ac46b41e2d4f3d6f/scipy-1.11.2-cp310-cp310-manylinux_2_17_x86_64.manylinux2014_x86_64.whl", hash = "sha256:d690e1ca993c8f7ede6d22e5637541217fc6a4d3f78b3672a6fe454dbb7eb9a7", size = 36293944, upload-time = "2023-08-17T22:08:27.144Z" },
    { url = "https://files.pythonhosted.org/packages/1f/26/72a67b2c738be9d42b86bc79abb3d38026b2dece9d8a5321a7bde6cccefd/scipy-1.11.2-cp310-cp310-musllinux_1_1_x86_64.whl", hash = "sha256:d2b813bfbe8dec6a75164523de650bad41f4405d35b0fa24c2c28ae07fcefb20", size = 36496415, upload-time = "2023-08-17T22:08:34.202Z" },
    { url = "https://files.pythonhosted.org/packages/70/03/485f73046134400ea25d3cb178c5e6728f9b165f79d09638ecb44ee0e9b1/scipy-1.11.2-cp310-cp310-win_amd64.whl", hash = "sha256:afdb0d983f6135d50770dd979df50bf1c7f58b5b33e0eb8cf5c73c70600eae1d", size = 44012899, upload-time = "2023-08-17T22:08:41.133Z" },
]

[[package]]
name = "six"
version = "1.16.0"
source = { registry = "https://pypi.org/simple" }
sdist = { url = "https://files.pythonhosted.org/packages/71/39/171f1c67cd00715f190ba0b100d606d440a28c93c7714febeca8b79af85e/six-1.16.0.tar.gz", hash = "sha256:1e61c37477a1626458e36f7b1d82aa5c9b094fa4802892072e49de9c60c4c926", size = 34041, upload-time = "2021-05-05T14:18:18.379Z" }
wheels = [
    { url = "https://files.pythonhosted.org/packages/d9/5a/e7c31adbe875f2abbb91bd84cf2dc52d792b5a01506781dbcf25c91daf11/six-1.16.0-py2.py3-none-any.whl", hash = "sha256:8abb2f1d86890a2dfb989f9a77cfcfd3e47c2a354b01111771326f8aa26e0254", size = 11053, upload-time = "2021-05-05T14:18:17.237Z" },
]

[[package]]
name = "tenacity"
version = "8.2.3"
source = { registry = "https://pypi.org/simple" }
sdist = { url = "https://files.pythonhosted.org/packages/89/3c/253e1627262373784bf9355db9d6f20d2d8831d79f91e9cca48050cddcc2/tenacity-8.2.3.tar.gz", hash = "sha256:5398ef0d78e63f40007c1fb4c0bff96e1911394d2fa8d194f77619c05ff6cc8a", size = 40651, upload-time = "2023-08-14T13:22:50.869Z" }
wheels = [
    { url = "https://files.pythonhosted.org/packages/f4/f1/990741d5bb2487d529d20a433210ffa136a367751e454214013b441c4575/tenacity-8.2.3-py3-none-any.whl", hash = "sha256:ce510e327a630c9e1beaf17d42e6ffacc88185044ad85cf74c0a8887c6a0f88c", size = 24401, upload-time = "2023-08-14T13:22:49.265Z" },
]

[[package]]
name = "threadpoolctl"
version = "3.2.0"
source = { registry = "https://pypi.org/simple" }
sdist = { url = "https://files.pythonhosted.org/packages/47/8a/c05f7831beb32aff70f808766224f11c650f7edfd49b27a8fc6666107006/threadpoolctl-3.2.0.tar.gz", hash = "sha256:c96a0ba3bdddeaca37dc4cc7344aafad41cdb8c313f74fdfe387a867bba93355", size = 36266, upload-time = "2023-07-13T14:53:53.299Z" }
wheels = [
    { url = "https://files.pythonhosted.org/packages/81/12/fd4dea011af9d69e1cad05c75f3f7202cdcbeac9b712eea58ca779a72865/threadpoolctl-3.2.0-py3-none-any.whl", hash = "sha256:2b7818516e423bdaebb97c723f86a7c6b0a83d3f3b0970328d66f4d9104dc032", size = 15539, upload-time = "2023-07-13T14:53:39.336Z" },
]

[[package]]
name = "tzdata"
version = "2023.3"
source = { registry = "https://pypi.org/simple" }
sdist = { url = "https://files.pythonhosted.org/packages/70/e5/81f99b9fced59624562ab62a33df639a11b26c582be78864b339dafa420d/tzdata-2023.3.tar.gz", hash = "sha256:11ef1e08e54acb0d4f95bdb1be05da659673de4acbd21bf9c69e94cc5e907a3a", size = 187483, upload-time = "2023-03-29T01:41:04.086Z" }
wheels = [
    { url = "https://files.pythonhosted.org/packages/d5/fb/a79efcab32b8a1f1ddca7f35109a50e4a80d42ac1c9187ab46522b2407d7/tzdata-2023.3-py2.py3-none-any.whl", hash = "sha256:7e65763eef3120314099b6939b5546db7adce1e7d6f2e179e3df563c70511eda", size = 341835, upload-time = "2023-03-29T01:41:02.776Z" },
]
